
Microsoft Visual Studio Solution File, Format Version 12.00
# Visual Studio Version 16
VisualStudioVersion = 16.0.30621.155
MinimumVisualStudioVersion = 10.0.40219.1
Project("{FAE04EC0-301F-11D3-BF4B-00C04F79EFBC}") = "AppProcess", "AppProcess\AppProcess.csproj", "{9A80AD47-49FF-49A9-A59D-5434713DA7B2}"
EndProject
Global
	GlobalSection(SolutionConfigurationPlatforms) = preSolution
		Debug|Any CPU = Debug|Any CPU
		Release|Any CPU = Release|Any CPU
	EndGlobalSection
	GlobalSection(ProjectConfigurationPlatforms) = postSolution
		{9A80AD47-49FF-49A9-A59D-5434713DA7B2}.Debug|Any CPU.ActiveCfg = Debug|Any CPU
		{9A80AD47-49FF-49A9-A59D-5434713DA7B2}.Debug|Any CPU.Build.0 = Debug|Any CPU
		{9A80AD47-49FF-49A9-A59D-5434713DA7B2}.Debug|Any CPU.Deploy.0 = Debug|Any CPU
		{9A80AD47-49FF-49A9-A59D-5434713DA7B2}.Release|Any CPU.ActiveCfg = Release|Any CPU
		{9A80AD47-49FF-49A9-A59D-5434713DA7B2}.Release|Any CPU.Build.0 = Release|Any CPU
		{9A80AD47-49FF-49A9-A59D-5434713DA7B2}.Release|Any CPU.Deploy.0 = Release|Any CPU
	EndGlobalSection
	GlobalSection(SolutionProperties) = preSolution
		HideSolutionNode = FALSE
	EndGlobalSection
	GlobalSection(ExtensibilityGlobals) = postSolution
		SolutionGuid = {32B4E991-DDE5-49E7-B820-E4FE24119F7A}
	EndGlobalSection
EndGlobal
